
Microsoft Visual Studio Solution File, Format Version 12.00
# Visual Studio Version 17
VisualStudioVersion = 17.3.32901.215
MinimumVisualStudioVersion = 10.0.40219.1
Project("{F184B08F-C81C-45F6-A57F-5ABD9991F28F}") = "Pergudangan", "Pergudangan\Pergudangan.vbproj", "{B40495E9-7408-4DC7-91C9-C6F7AB165284}"
EndProject
Global
	GlobalSection(SolutionConfigurationPlatforms) = preSolution
		Debug|Any CPU = Debug|Any CPU
		Release|Any CPU = Release|Any CPU
	EndGlobalSection
	GlobalSection(ProjectConfigurationPlatforms) = postSolution
		{B40495E9-7408-4DC7-91C9-C6F7AB165284}.Debug|Any CPU.ActiveCfg = Debug|Any CPU
		{B40495E9-7408-4DC7-91C9-C6F7AB165284}.Debug|Any CPU.Build.0 = Debug|Any CPU
		{B40495E9-7408-4DC7-91C9-C6F7AB165284}.Release|Any CPU.ActiveCfg = Release|Any CPU
		{B40495E9-7408-4DC7-91C9-C6F7AB165284}.Release|Any CPU.Build.0 = Release|Any CPU
	EndGlobalSection
	GlobalSection(SolutionProperties) = preSolution
		HideSolutionNode = FALSE
	EndGlobalSection
	GlobalSection(ExtensibilityGlobals) = postSolution
		SolutionGuid = {C5D489A0-F226-4FEE-BAE6-578E3CD2997C}
	EndGlobalSection
EndGlobal
